<?xml version="1.0" encoding="UTF-8" standalone="yes" ?>
<CodeBlocks_project_file>
	<FileVersion major="1" minor="6" />
	<Project>
		<Option title="OpenGraphtheory.org" />
		<Option pch_mode="2" />
		<Option compiler="gcc" />
		<Build>
			<Target title="Debug">
				<Option output="../lib/Debug/opengtdbg" prefix_auto="1" extension_auto="1" />
				<Option object_output="../obj/Debug/" />
				<Option type="3" />
				<Option compiler="gcc" />
				<Option parameters="maximumflow /home/viktor/Programming/OpenGT_stuff/wtflow_example.gxl v1 v7 capacity flow" />
				<Option host_application="../../bin/Debug/graphalgorithm" />
				<Option run_host_application_in_terminal="0" />
				<Option createDefFile="1" />
				<Option createStaticLib="1" />
				<Compiler>
					<Add option="-g" />
					<Add option="-fPIC" />
				</Compiler>
				<Linker>
					<Add option="-lpthread -lX11" />
				</Linker>
			</Target>
			<Target title="Release">
				<Option output="../lib/Release/opengt" prefix_auto="1" extension_auto="1" />
				<Option object_output="../obj/Release/" />
				<Option type="3" />
				<Option compiler="gcc" />
				<Option createDefFile="1" />
				<Option createStaticLib="1" />
				<Compiler>
					<Add option="-march=core2" />
					<Add option="-fexpensive-optimizations" />
					<Add option="-O3" />
					<Add option="-fPIC" />
				</Compiler>
				<Linker>
					<Add option="-s" />
					<Add option="-lpthread -lX11" />
				</Linker>
			</Target>
		</Build>
		<Compiler>
			<Add option="-Wall" />
			<Add option="-fexceptions" />
		</Compiler>
		<Unit filename="Headers/VertexEdgeFilter.h" />
		<Unit filename="Headers/algorithms/algorithm.h" />
		<Unit filename="Headers/algorithms/clique/clique.h" />
		<Unit filename="Headers/algorithms/clique/clique_tw.h" />
		<Unit filename="Headers/algorithms/color/color.h" />
		<Unit filename="Headers/algorithms/dominatingset/dominatingset.h" />
		<Unit filename="Headers/algorithms/dominatingset/dominatingset_tw.h" />
		<Unit filename="Headers/algorithms/independentset/independentset.h" />
		<Unit filename="Headers/algorithms/maximumflow/maximumflow.h" />
		<Unit filename="Headers/algorithms/maximummatching/maximalmatching.h" />
		<Unit filename="Headers/algorithms/maximummatching/maximummatching.h" />
		<Unit filename="Headers/algorithms/minimumcut/minimumcut.h" />
		<Unit filename="Headers/algorithms/oddcircle/oddcircle.h" />
		<Unit filename="Headers/algorithms/path/path.h" />
		<Unit filename="Headers/algorithms/treewidth/treewidth.h" />
		<Unit filename="Headers/algorithms/vertexcover/vertexcover.h" />
		<Unit filename="Headers/algorithms/vertexcover/vertexcoverAPX2.h" />
		<Unit filename="Headers/attributes.h" />
		<Unit filename="Headers/export/dot.h" />
		<Unit filename="Headers/export/export.h" />
		<Unit filename="Headers/export/gastex.h" />
		<Unit filename="Headers/export/gml.h" />
		<Unit filename="Headers/export/graphml.h" />
		<Unit filename="Headers/export/mpost.h" />
		<Unit filename="Headers/export/pdf.h" />
		<Unit filename="Headers/export/postscript.h" />
		<Unit filename="Headers/export/povray.h" />
		<Unit filename="Headers/export/prolog.h" />
		<Unit filename="Headers/export/rgml.h" />
		<Unit filename="Headers/export/stringtranslator.h" />
		<Unit filename="Headers/export/svg.h" />
		<Unit filename="Headers/export/tei.h" />
		<Unit filename="Headers/export/tgf.h" />
		<Unit filename="Headers/export/tikz.h" />
		<Unit filename="Headers/export/vrmlgraph.h" />
		<Unit filename="Headers/export/xgmml.h" />
		<Unit filename="Headers/factory.h" />
		<Unit filename="Headers/generate/circle.h" />
		<Unit filename="Headers/generate/complete.h" />
		<Unit filename="Headers/generate/generate.h" />
		<Unit filename="Headers/generate/grid.h" />
		<Unit filename="Headers/generate/path.h" />
		<Unit filename="Headers/generate/random.h" />
		<Unit filename="Headers/generate/star.h" />
		<Unit filename="Headers/generate/tree.h" />
		<Unit filename="Headers/generate/wheel.h" />
		<Unit filename="Headers/import/dot/dot.h" />
		<Unit filename="Headers/import/dot/dot_lexer.h" />
		<Unit filename="Headers/import/gml/gml.h" />
		<Unit filename="Headers/import/gml/gml_lexer.h" />
		<Unit filename="Headers/import/graphml.h" />
		<Unit filename="Headers/import/import.h" />
		<Unit filename="Headers/import/rgml.h" />
		<Unit filename="Headers/import/tei.h" />
		<Unit filename="Headers/import/tgf.h" />
		<Unit filename="Headers/import/tikz/tikz.h" />
		<Unit filename="Headers/import/tikz/tikz_lexer.h" />
		<Unit filename="Headers/import/vrmlgraph.h" />
		<Unit filename="Headers/import/xgmml.h" />
		<Unit filename="Headers/intermediatesteps/intermediatesteps.h" />
		<Unit filename="Headers/intermediatesteps/show.h" />
		<Unit filename="Headers/intermediatesteps/stdout.h" />
		<Unit filename="Headers/intermediatesteps/writefile.h" />
		<Unit filename="Headers/logic/ComputationTreeLogic/ctl.h" />
		<Unit filename="Headers/logic/ComputationTreeLogic/ctl_lexer.h" />
		<Unit filename="Headers/logic/FirstOrderLogic/fo.h" />
		<Unit filename="Headers/logic/FirstOrderLogic/fo_lexer.h" />
		<Unit filename="Headers/logic/ModalLogic/ml.h" />
		<Unit filename="Headers/logic/ModalLogic/ml_lexer.h" />
		<Unit filename="Headers/logic/logic.h" />
		<Unit filename="Headers/opengt.h" />
		<Unit filename="Headers/set_helper.h" />
		<Unit filename="Headers/simple_xml.h" />
		<Unit filename="Headers/thread.h" />
		<Unit filename="Headers/transform/aspectscale.h" />
		<Unit filename="Headers/transform/linear.h" />
		<Unit filename="Headers/transform/rotate.h" />
		<Unit filename="Headers/transform/scale.h" />
		<Unit filename="Headers/transform/scalefactor.h" />
		<Unit filename="Headers/transform/shift.h" />
		<Unit filename="Headers/transform/springembedder.h" />
		<Unit filename="Headers/transform/springembedder3d.h" />
		<Unit filename="Headers/transform/transformation.h" />
		<Unit filename="Headers/visualize/DisplayWindow.h" />
		<Unit filename="Headers/visualize/GraphWindow.h" />
		<Unit filename="Headers/visualize/color.h" />
		<Unit filename="Headers/visualize/renderer.h" />
		<Unit filename="Headers/visualize/vector2d.h" />
		<Unit filename="Headers/visualize/vectornd.h" />
		<Unit filename="Sources/VertexEdgeFilter.cpp" />
		<Unit filename="Sources/algorithms/algorithm.cpp">
			<Option weight="49" />
		</Unit>
		<Unit filename="Sources/algorithms/clique/clique.cpp" />
		<Unit filename="Sources/algorithms/clique/clique_tw.cpp" />
		<Unit filename="Sources/algorithms/color/color.cpp" />
		<Unit filename="Sources/algorithms/dominatingset/dominatingset.cpp" />
		<Unit filename="Sources/algorithms/dominatingset/dominatingset_tw.cpp" />
		<Unit filename="Sources/algorithms/independentset/independentset.cpp" />
		<Unit filename="Sources/algorithms/maximumflow/maximumflow.cpp" />
		<Unit filename="Sources/algorithms/maximummatching/maximalmatching.cpp" />
		<Unit filename="Sources/algorithms/maximummatching/maximummatching.cpp" />
		<Unit filename="Sources/algorithms/minimumcut/minimumcut.cpp" />
		<Unit filename="Sources/algorithms/oddcircle/oddcircle.cpp" />
		<Unit filename="Sources/algorithms/path/path.cpp" />
		<Unit filename="Sources/algorithms/treewidth/treewidth.cpp" />
		<Unit filename="Sources/algorithms/treewidth/treewidth_templates.cpp" />
		<Unit filename="Sources/algorithms/vertexcover/vertexcover.cpp" />
		<Unit filename="Sources/algorithms/vertexcover/vertexcoverAPX2.cpp" />
		<Unit filename="Sources/attributes.cpp" />
		<Unit filename="Sources/export/dot.cpp" />
		<Unit filename="Sources/export/export.cpp">
			<Option weight="49" />
		</Unit>
		<Unit filename="Sources/export/export_templates.cpp" />
		<Unit filename="Sources/export/gastex.cpp" />
		<Unit filename="Sources/export/gml.cpp" />
		<Unit filename="Sources/export/graphml.cpp" />
		<Unit filename="Sources/export/mpost.cpp" />
		<Unit filename="Sources/export/pdf.cpp" />
		<Unit filename="Sources/export/postscript.cpp" />
		<Unit filename="Sources/export/povray.cpp" />
		<Unit filename="Sources/export/prolog.cpp" />
		<Unit filename="Sources/export/rgml.cpp" />
		<Unit filename="Sources/export/stringtranslator.cpp" />
		<Unit filename="Sources/export/svg.cpp" />
		<Unit filename="Sources/export/tei.cpp" />
		<Unit filename="Sources/export/tgf.cpp" />
		<Unit filename="Sources/export/tikz.cpp" />
		<Unit filename="Sources/export/vrmlgraph.cpp" />
		<Unit filename="Sources/export/xgmml.cpp" />
		<Unit filename="Sources/factory.cpp" />
		<Unit filename="Sources/factory_templates.cpp" />
		<Unit filename="Sources/generate/circle.cpp" />
		<Unit filename="Sources/generate/complete.cpp" />
		<Unit filename="Sources/generate/generate.cpp">
			<Option weight="49" />
		</Unit>
		<Unit filename="Sources/generate/grid.cpp" />
		<Unit filename="Sources/generate/path.cpp" />
		<Unit filename="Sources/generate/random.cpp" />
		<Unit filename="Sources/generate/star.cpp" />
		<Unit filename="Sources/generate/tree.cpp" />
		<Unit filename="Sources/generate/wheel.cpp" />
		<Unit filename="Sources/import/dot/dot.cpp" />
		<Unit filename="Sources/import/dot/dot_lexer.cpp" />
		<Unit filename="Sources/import/dot/dot_lexer.l" />
		<Unit filename="Sources/import/dot/dot_parser.cpp" />
		<Unit filename="Sources/import/dot/dot_parser.yy" />
		<Unit filename="Sources/import/dot/makefile" />
		<Unit filename="Sources/import/gml/gml.cpp" />
		<Unit filename="Sources/import/gml/gml_lexer.cpp" />
		<Unit filename="Sources/import/gml/gml_lexer.l">
			<Option compiler="gcc" use="0" buildCommand="make" />
		</Unit>
		<Unit filename="Sources/import/gml/makefile" />
		<Unit filename="Sources/import/graphml.cpp" />
		<Unit filename="Sources/import/import.cpp">
			<Option weight="49" />
		</Unit>
		<Unit filename="Sources/import/rgml.cpp" />
		<Unit filename="Sources/import/tei.cpp" />
		<Unit filename="Sources/import/tgf.cpp" />
		<Unit filename="Sources/import/tikz/makefile" />
		<Unit filename="Sources/import/tikz/tikz.cpp" />
		<Unit filename="Sources/import/tikz/tikz_lexer.cpp" />
		<Unit filename="Sources/import/tikz/tikz_lexer.l" />
		<Unit filename="Sources/import/tikz/tikz_parser.cpp" />
		<Unit filename="Sources/import/tikz/tikz_parser.yy" />
		<Unit filename="Sources/import/vrmlgraph.cpp" />
		<Unit filename="Sources/import/xgmml.cpp" />
		<Unit filename="Sources/intermediatesteps/intermediate.cpp">
			<Option weight="49" />
		</Unit>
		<Unit filename="Sources/intermediatesteps/show.cpp" />
		<Unit filename="Sources/intermediatesteps/stdout.cpp" />
		<Unit filename="Sources/intermediatesteps/writefile.cpp" />
		<Unit filename="Sources/logic/ComputationTreeLogic/ctl.cpp" />
		<Unit filename="Sources/logic/ComputationTreeLogic/ctl_lexer.cpp" />
		<Unit filename="Sources/logic/ComputationTreeLogic/ctl_lexer.l" />
		<Unit filename="Sources/logic/ComputationTreeLogic/ctl_parser.cpp" />
		<Unit filename="Sources/logic/ComputationTreeLogic/ctl_parser.yy" />
		<Unit filename="Sources/logic/ComputationTreeLogic/makefile">
			<Option compiler="gcc" use="1" buildCommand="make" />
		</Unit>
		<Unit filename="Sources/logic/FirstOrderLogic/fo.cpp" />
		<Unit filename="Sources/logic/FirstOrderLogic/fo_lexer.cpp" />
		<Unit filename="Sources/logic/FirstOrderLogic/fo_lexer.l" />
		<Unit filename="Sources/logic/FirstOrderLogic/fo_parser.cpp" />
		<Unit filename="Sources/logic/FirstOrderLogic/fo_parser.yy" />
		<Unit filename="Sources/logic/FirstOrderLogic/makefile" />
		<Unit filename="Sources/logic/ModalLogic/makefile" />
		<Unit filename="Sources/logic/ModalLogic/ml.cpp" />
		<Unit filename="Sources/logic/ModalLogic/ml_lexer.cpp" />
		<Unit filename="Sources/logic/ModalLogic/ml_lexer.l" />
		<Unit filename="Sources/logic/ModalLogic/ml_parser.cpp" />
		<Unit filename="Sources/logic/ModalLogic/ml_parser.yy" />
		<Unit filename="Sources/logic/logic.cpp">
			<Option weight="49" />
		</Unit>
		<Unit filename="Sources/opengt.cpp" />
		<Unit filename="Sources/set_helper.cpp" />
		<Unit filename="Sources/simple_xml.cpp" />
		<Unit filename="Sources/thread.cpp" />
		<Unit filename="Sources/transform/aspectscale.cpp" />
		<Unit filename="Sources/transform/linear.cpp" />
		<Unit filename="Sources/transform/rotate.cpp" />
		<Unit filename="Sources/transform/scale.cpp" />
		<Unit filename="Sources/transform/scalefactor.cpp" />
		<Unit filename="Sources/transform/shift.cpp" />
		<Unit filename="Sources/transform/spring_embedder.cpp" />
		<Unit filename="Sources/transform/spring_embedder3d.cpp" />
		<Unit filename="Sources/transform/transformation.cpp">
			<Option weight="49" />
		</Unit>
		<Unit filename="Sources/visualize/DisplayWindow.cpp" />
		<Unit filename="Sources/visualize/GraphWindow.cpp" />
		<Unit filename="Sources/visualize/color.cpp" />
		<Unit filename="Sources/visualize/renderer.cpp" />
		<Unit filename="Sources/visualize/vector2d.cpp" />
		<Unit filename="Sources/visualize/vectornd.cpp" />
		<Extensions>
			<code_completion />
			<debugger />
		</Extensions>
	</Project>
</CodeBlocks_project_file>
